# This file was autogenerated by Stack.
# You should not edit this file by hand.
# For more information, please see the documentation at:
#   https://docs.haskellstack.org/en/stable/lock_files

packages:
- completed:
    hackage: bound-gen-0.1.0.2@sha256:46a9f37bc734df0b4a93eba0ce496384ef246f36e5386f396923bb5d84bc8c9b,1001
    pantry-tree:
      size: 261
      sha256: 8171e15bf667d7fc5746e9669155b4ba0413578ba1aed72822481e448e5c1543
  original:
    hackage: bound-gen-0.1.0.2@sha256:46a9f37bc734df0b4a93eba0ce496384ef246f36e5386f396923bb5d84bc8c9b,1001
- completed:
    hackage: monad-gen-0.3.0.1@sha256:a2569465cfbd468d3350ef25de56b3362580e77537224313aab1210f40804a3b,821
    pantry-tree:
      size: 288
      sha256: a825dc8dcc3ee27dbbc1b71f6853703790ed320249b8f8510bb36d726664e795
  original:
    hackage: monad-gen-0.3.0.1@sha256:a2569465cfbd468d3350ef25de56b3362580e77537224313aab1210f40804a3b,821
- completed:
    hackage: generic-functor-0.2.0.0@sha256:bb8d78c551850ba119a9e504fbea8c4b9d0a3d62a1dfa2c0d5444ad58ce3f1c1,1281
    pantry-tree:
      size: 530
      sha256: 5e2cc4c9c2e03db16d3a77c935d0efa06cb1f93100f375fed149a8cfca2ca0e1
  original:
    hackage: generic-functor-0.2.0.0@sha256:bb8d78c551850ba119a9e504fbea8c4b9d0a3d62a1dfa2c0d5444ad58ce3f1c1,1281
snapshots:
- completed:
    size: 567037
    url: https://raw.githubusercontent.com/commercialhaskell/stackage-snapshots/master/lts/17/9.yaml
    sha256: d7d8d5106e53d1669964bd8bd2b0f88a5ad192d772f5376384b76738fd992311
  original: lts-17.9
